
Microsoft Visual Studio Solution File, Format Version 12.00
# Visual Studio 15
VisualStudioVersion = 15.0.28307.489
MinimumVisualStudioVersion = 10.0.40219.1
Project("{FAE04EC0-301F-11D3-BF4B-00C04F79EFBC}") = "caEmpregados", "caEmpregados\caEmpregados.csproj", "{FEF81DE2-F579-4F4A-9300-035A7F323626}"
EndProject
Global
	GlobalSection(SolutionConfigurationPlatforms) = preSolution
		Debug|Any CPU = Debug|Any CPU
		Release|Any CPU = Release|Any CPU
	EndGlobalSection
	GlobalSection(ProjectConfigurationPlatforms) = postSolution
		{FEF81DE2-F579-4F4A-9300-035A7F323626}.Debug|Any CPU.ActiveCfg = Debug|Any CPU
		{FEF81DE2-F579-4F4A-9300-035A7F323626}.Debug|Any CPU.Build.0 = Debug|Any CPU
		{FEF81DE2-F579-4F4A-9300-035A7F323626}.Release|Any CPU.ActiveCfg = Release|Any CPU
		{FEF81DE2-F579-4F4A-9300-035A7F323626}.Release|Any CPU.Build.0 = Release|Any CPU
	EndGlobalSection
	GlobalSection(SolutionProperties) = preSolution
		HideSolutionNode = FALSE
	EndGlobalSection
	GlobalSection(ExtensibilityGlobals) = postSolution
		SolutionGuid = {588ED8B9-AD76-48AD-8A29-6D3F862E88D9}
	EndGlobalSection
EndGlobal
