
Microsoft Visual Studio Solution File, Format Version 12.00
# Visual Studio 15
VisualStudioVersion = 15.0.28307.489
MinimumVisualStudioVersion = 10.0.40219.1
Project("{FAE04EC0-301F-11D3-BF4B-00C04F79EFBC}") = "caAlunoMaterias", "caAlunoMaterias\caAlunoMaterias.csproj", "{A4D90282-B95B-4019-8C24-11446B5ABBA6}"
EndProject
Global
	GlobalSection(SolutionConfigurationPlatforms) = preSolution
		Debug|Any CPU = Debug|Any CPU
		Release|Any CPU = Release|Any CPU
	EndGlobalSection
	GlobalSection(ProjectConfigurationPlatforms) = postSolution
		{A4D90282-B95B-4019-8C24-11446B5ABBA6}.Debug|Any CPU.ActiveCfg = Debug|Any CPU
		{A4D90282-B95B-4019-8C24-11446B5ABBA6}.Debug|Any CPU.Build.0 = Debug|Any CPU
		{A4D90282-B95B-4019-8C24-11446B5ABBA6}.Release|Any CPU.ActiveCfg = Release|Any CPU
		{A4D90282-B95B-4019-8C24-11446B5ABBA6}.Release|Any CPU.Build.0 = Release|Any CPU
	EndGlobalSection
	GlobalSection(SolutionProperties) = preSolution
		HideSolutionNode = FALSE
	EndGlobalSection
	GlobalSection(ExtensibilityGlobals) = postSolution
		SolutionGuid = {196478A6-E892-4C15-ADC9-6FBACC33D7EB}
	EndGlobalSection
EndGlobal
