
Microsoft Visual Studio Solution File, Format Version 12.00
# Visual Studio 15
VisualStudioVersion = 15.0.28307.489
MinimumVisualStudioVersion = 10.0.40219.1
Project("{FAE04EC0-301F-11D3-BF4B-00C04F79EFBC}") = "caEmpregadoGerente", "caEmpregadoGerente\caEmpregadoGerente.csproj", "{F9576788-6AB0-4703-8D41-931FF8DF931D}"
EndProject
Global
	GlobalSection(SolutionConfigurationPlatforms) = preSolution
		Debug|Any CPU = Debug|Any CPU
		Release|Any CPU = Release|Any CPU
	EndGlobalSection
	GlobalSection(ProjectConfigurationPlatforms) = postSolution
		{F9576788-6AB0-4703-8D41-931FF8DF931D}.Debug|Any CPU.ActiveCfg = Debug|Any CPU
		{F9576788-6AB0-4703-8D41-931FF8DF931D}.Debug|Any CPU.Build.0 = Debug|Any CPU
		{F9576788-6AB0-4703-8D41-931FF8DF931D}.Release|Any CPU.ActiveCfg = Release|Any CPU
		{F9576788-6AB0-4703-8D41-931FF8DF931D}.Release|Any CPU.Build.0 = Release|Any CPU
	EndGlobalSection
	GlobalSection(SolutionProperties) = preSolution
		HideSolutionNode = FALSE
	EndGlobalSection
	GlobalSection(ExtensibilityGlobals) = postSolution
		SolutionGuid = {EECC2B2A-5663-4009-9106-5410546E2393}
	EndGlobalSection
EndGlobal
